// !$*UTF8*$!
{
	archiveVersion = 1;
	classes = {
	};
	objectVersion = 46;
	objects = {

/* Begin PBXBuildFile section */
		2D709DEB1CAE7DF000C47E9B /* main.m in Sources */ = {isa = PBXBuildFile; fileRef = 2D709DEA1CAE7DF000C47E9B /* main.m */; };
		2D709DEE1CAE7DF000C47E9B /* AppDelegate.m in Sources */ = {isa = PBXBuildFile; fileRef = 2D709DED1CAE7DF000C47E9B /* AppDelegate.m */; };
		2D709DF61CAE7DF000C47E9B /* Assets.xcassets in Resources */ = {isa = PBXBuildFile; fileRef = 2D709DF51CAE7DF000C47E9B /* Assets.xcassets */; };
		2D709DF91CAE7DF000C47E9B /* LaunchScreen.storyboard in Resources */ = {isa = PBXBuildFile; fileRef = 2D709DF71CAE7DF000C47E9B /* LaunchScreen.storyboard */; };
		2D709E081CAE7FBC00C47E9B /* SBLogInViewController.m in Sources */ = {isa = PBXBuildFile; fileRef = 2D709E071CAE7FBC00C47E9B /* SBLogInViewController.m */; };
		2D709E0B1CAE7FD100C47E9B /* SBHomeViewController.m in Sources */ = {isa = PBXBuildFile; fileRef = 2D709E0A1CAE7FD100C47E9B /* SBHomeViewController.m */; };
		2D709E111CAE803C00C47E9B /* SBTimeOut.m in Sources */ = {isa = PBXBuildFile; fileRef = 2D709E101CAE803C00C47E9B /* SBTimeOut.m */; };
/* End PBXBuildFile section */

/* Begin PBXFileReference section */
		2D709DE61CAE7DF000C47E9B /* SBTimeOut.app */ = {isa = PBXFileReference; explicitFileType = wrapper.application; includeInIndex = 0; path = SBTimeOut.app; sourceTree = BUILT_PRODUCTS_DIR; };
		2D709DEA1CAE7DF000C47E9B /* main.m */ = {isa = PBXFileReference; lastKnownFileType = sourcecode.c.objc; path = main.m; sourceTree = "<group>"; };
		2D709DEC1CAE7DF000C47E9B /* AppDelegate.h */ = {isa = PBXFileReference; lastKnownFileType = sourcecode.c.h; path = AppDelegate.h; sourceTree = "<group>"; };
		2D709DED1CAE7DF000C47E9B /* AppDelegate.m */ = {isa = PBXFileReference; lastKnownFileType = sourcecode.c.objc; path = AppDelegate.m; sourceTree = "<group>"; };
		2D709DF51CAE7DF000C47E9B /* Assets.xcassets */ = {isa = PBXFileReference; lastKnownFileType = folder.assetcatalog; path = Assets.xcassets; sourceTree = "<group>"; };
		2D709DF81CAE7DF000C47E9B /* Base */ = {isa = PBXFileReference; lastKnownFileType = file.storyboard; name = Base; path = Base.lproj/LaunchScreen.storyboard; sourceTree = "<group>"; };
		2D709DFA1CAE7DF000C47E9B /* Info.plist */ = {isa = PBXFileReference; lastKnownFileType = text.plist.xml; path = Info.plist; sourceTree = "<group>"; };
		2D709E061CAE7FBC00C47E9B /* SBLogInViewController.h */ = {isa = PBXFileReference; fileEncoding = 4; lastKnownFileType = sourcecode.c.h; path = SBLogInViewController.h; sourceTree = "<group>"; };
		2D709E071CAE7FBC00C47E9B /* SBLogInViewController.m */ = {isa = PBXFileReference; fileEncoding = 4; lastKnownFileType = sourcecode.c.objc; path = SBLogInViewController.m; sourceTree = "<group>"; };
		2D709E091CAE7FD100C47E9B /* SBHomeViewController.h */ = {isa = PBXFileReference; fileEncoding = 4; lastKnownFileType = sourcecode.c.h; path = SBHomeViewController.h; sourceTree = "<group>"; };
		2D709E0A1CAE7FD100C47E9B /* SBHomeViewController.m */ = {isa = PBXFileReference; fileEncoding = 4; lastKnownFileType = sourcecode.c.objc; path = SBHomeViewController.m; sourceTree = "<group>"; };
		2D709E0F1CAE803C00C47E9B /* SBTimeOut.h */ = {isa = PBXFileReference; fileEncoding = 4; lastKnownFileType = sourcecode.c.h; path = SBTimeOut.h; sourceTree = "<group>"; };
		2D709E101CAE803C00C47E9B /* SBTimeOut.m */ = {isa = PBXFileReference; fileEncoding = 4; lastKnownFileType = sourcecode.c.objc; path = SBTimeOut.m; sourceTree = "<group>"; };
/* End PBXFileReference section */

/* Begin PBXFrameworksBuildPhase section */
		2D709DE31CAE7DF000C47E9B /* Frameworks */ = {
			isa = PBXFrameworksBuildPhase;
			buildActionMask = 2147483647;
			files = (
			);
			runOnlyForDeploymentPostprocessing = 0;
		};
/* End PBXFrameworksBuildPhase section */

/* Begin PBXGroup section */
		2D709DDD1CAE7DF000C47E9B = {
			isa = PBXGroup;
			children = (
				2D709DE81CAE7DF000C47E9B /* SBTimeOut */,
				2D709DE71CAE7DF000C47E9B /* Products */,
			);
			sourceTree = "<group>";
		};
		2D709DE71CAE7DF000C47E9B /* Products */ = {
			isa = PBXGroup;
			children = (
				2D709DE61CAE7DF000C47E9B /* SBTimeOut.app */,
			);
			name = Products;
			sourceTree = "<group>";
		};
		2D709DE81CAE7DF000C47E9B /* SBTimeOut */ = {
			isa = PBXGroup;
			children = (
				2D709E0D1CAE800600C47E9B /* App Delegate */,
				2D709E0E1CAE801200C47E9B /* Controller */,
				2D709E0C1CAE7FFB00C47E9B /* SBTimeOut */,
				2D709DF51CAE7DF000C47E9B /* Assets.xcassets */,
				2D709DF71CAE7DF000C47E9B /* LaunchScreen.storyboard */,
				2D709DFA1CAE7DF000C47E9B /* Info.plist */,
				2D709DE91CAE7DF000C47E9B /* Supporting Files */,
			);
			path = SBTimeOut;
			sourceTree = "<group>";
		};
		2D709DE91CAE7DF000C47E9B /* Supporting Files */ = {
			isa = PBXGroup;
			children = (
				2D709DEA1CAE7DF000C47E9B /* main.m */,
			);
			name = "Supporting Files";
			sourceTree = "<group>";
		};
		2D709E0C1CAE7FFB00C47E9B /* SBTimeOut */ = {
			isa = PBXGroup;
			children = (
				2D709E0F1CAE803C00C47E9B /* SBTimeOut.h */,
				2D709E101CAE803C00C47E9B /* SBTimeOut.m */,
			);
			name = SBTimeOut;
			sourceTree = "<group>";
		};
		2D709E0D1CAE800600C47E9B /* App Delegate */ = {
			isa = PBXGroup;
			children = (
				2D709DEC1CAE7DF000C47E9B /* AppDelegate.h */,
				2D709DED1CAE7DF000C47E9B /* AppDelegate.m */,
			);
			name = "App Delegate";
			sourceTree = "<group>";
		};
		2D709E0E1CAE801200C47E9B /* Controller */ = {
			isa = PBXGroup;
			children = (
				2D709E061CAE7FBC00C47E9B /* SBLogInViewController.h */,
				2D709E071CAE7FBC00C47E9B /* SBLogInViewController.m */,
				2D709E091CAE7FD100C47E9B /* SBHomeViewController.h */,
				2D709E0A1CAE7FD100C47E9B /* SBHomeViewController.m */,
			);
			name = Controller;
			sourceTree = "<group>";
		};
/* End PBXGroup section */

/* Begin PBXNativeTarget section */
		2D709DE51CAE7DF000C47E9B /* SBTimeOut */ = {
			isa = PBXNativeTarget;
			buildConfigurationList = 2D709DFD1CAE7DF000C47E9B /* Build configuration list for PBXNativeTarget "SBTimeOut" */;
			buildPhases = (
				2D709DE21CAE7DF000C47E9B /* Sources */,
				2D709DE31CAE7DF000C47E9B /* Frameworks */,
				2D709DE41CAE7DF000C47E9B /* Resources */,
			);
			buildRules = (
			);
			dependencies = (
			);
			name = SBTimeOut;
			productName = SBTimeOut;
			productReference = 2D709DE61CAE7DF000C47E9B /* SBTimeOut.app */;
			productType = "com.apple.product-type.application";
		};
/* End PBXNativeTarget section */

/* Begin PBXProject section */
		2D709DDE1CAE7DF000C47E9B /* Project object */ = {
			isa = PBXProject;
			attributes = {
				LastUpgradeCheck = 0730;
				ORGANIZATIONNAME = PRODAPT;
				TargetAttributes = {
					2D709DE51CAE7DF000C47E9B = {
						CreatedOnToolsVersion = 7.3;
					};
				};
			};
			buildConfigurationList = 2D709DE11CAE7DF000C47E9B /* Build configuration list for PBXProject "SBTimeOut" */;
			compatibilityVersion = "Xcode 3.2";
			developmentRegion = English;
			hasScannedForEncodings = 0;
			knownRegions = (
				en,
				Base,
			);
			mainGroup = 2D709DDD1CAE7DF000C47E9B;
			productRefGroup = 2D709DE71CAE7DF000C47E9B /* Products */;
			projectDirPath = "";
			projectRoot = "";
			targets = (
				2D709DE51CAE7DF000C47E9B /* SBTimeOut */,
			);
		};
/* End PBXProject section */

/* Begin PBXResourcesBuildPhase section */
		2D709DE41CAE7DF000C47E9B /* Resources */ = {
			isa = PBXResourcesBuildPhase;
			buildActionMask = 2147483647;
			files = (
				2D709DF91CAE7DF000C47E9B /* LaunchScreen.storyboard in Resources */,
				2D709DF61CAE7DF000C47E9B /* Assets.xcassets in Resources */,
			);
			runOnlyForDeploymentPostprocessing = 0;
		};
/* End PBXResourcesBuildPhase section */

/* Begin PBXSourcesBuildPhase section */
		2D709DE21CAE7DF000C47E9B /* Sources */ = {
			isa = PBXSourcesBuildPhase;
			buildActionMask = 2147483647;
			files = (
				2D709E111CAE803C00C47E9B /* SBTimeOut.m in Sources */,
				2D709DEE1CAE7DF000C47E9B /* AppDelegate.m in Sources */,
				2D709DEB1CAE7DF000C47E9B /* main.m in Sources */,
				2D709E0B1CAE7FD100C47E9B /* SBHomeViewController.m in Sources */,
				2D709E081CAE7FBC00C47E9B /* SBLogInViewController.m in Sources */,
			);
			runOnlyForDeploymentPostprocessing = 0;
		};
/* End PBXSourcesBuildPhase section */

/* Begin PBXVariantGroup section */
		2D709DF71CAE7DF000C47E9B /* LaunchScreen.storyboard */ = {
			isa = PBXVariantGroup;
			children = (
				2D709DF81CAE7DF000C47E9B /* Base */,
			);
			name = LaunchScreen.storyboard;
			sourceTree = "<group>";
		};
/* End PBXVariantGroup section */

/* Begin XCBuildConfiguration section */
		2D709DFB1CAE7DF000C47E9B /* Debug */ = {
			isa = XCBuildConfiguration;
			buildSettings = {
				ALWAYS_SEARCH_USER_PATHS = NO;
				CLANG_ANALYZER_NONNULL = YES;
				CLANG_CXX_LANGUAGE_STANDARD = "gnu++0x";
				CLANG_CXX_LIBRARY = "libc++";
				CLANG_ENABLE_MODULES = YES;
				CLANG_ENABLE_OBJC_ARC = YES;
				CLANG_WARN_BOOL_CONVERSION = YES;
				CLANG_WARN_CONSTANT_CONVERSION = YES;
				CLANG_WARN_DIRECT_OBJC_ISA_USAGE = YES_ERROR;
				CLANG_WARN_EMPTY_BODY = YES;
				CLANG_WARN_ENUM_CONVERSION = YES;
				CLANG_WARN_INT_CONVERSION = YES;
				CLANG_WARN_OBJC_ROOT_CLASS = YES_ERROR;
				CLANG_WARN_UNREACHABLE_CODE = YES;
				CLANG_WARN__DUPLICATE_METHOD_MATCH = YES;
				"CODE_SIGN_IDENTITY[sdk=iphoneos*]" = "iPhone Developer";
				COPY_PHASE_STRIP = NO;
				DEBUG_INFORMATION_FORMAT = dwarf;
				ENABLE_STRICT_OBJC_MSGSEND = YES;
				ENABLE_TESTABILITY = YES;
				GCC_C_LANGUAGE_STANDARD = gnu99;
				GCC_DYNAMIC_NO_PIC = NO;
				GCC_NO_COMMON_BLOCKS = YES;
				GCC_OPTIMIZATION_LEVEL = 0;
				GCC_PREPROCESSOR_DEFINITIONS = (
					"DEBUG=1",
					"$(inherited)",
				);
				GCC_WARN_64_TO_32_BIT_CONVERSION = YES;
				GCC_WARN_ABOUT_RETURN_TYPE = YES_ERROR;
				GCC_WARN_UNDECLARED_SELECTOR = YES;
				GCC_WARN_UNINITIALIZED_AUTOS = YES_AGGRESSIVE;
				GCC_WARN_UNUSED_FUNCTION = YES;
				GCC_WARN_UNUSED_VARIABLE = YES;
				IPHONEOS_DEPLOYMENT_TARGET = 9.3;
				MTL_ENABLE_DEBUG_INFO = YES;
				ONLY_ACTIVE_ARCH = YES;
				SDKROOT = iphoneos;
			};
			name = Debug;
		};
		2D709DFC1CAE7DF000C47E9B /* Release */ = {
			isa = XCBuildConfiguration;
			buildSettings = {
				ALWAYS_SEARCH_USER_PATHS = NO;
				CLANG_ANALYZER_NONNULL = YES;
				CLANG_CXX_LANGUAGE_STANDARD = "gnu++0x";
				CLANG_CXX_LIBRARY = "libc++";
				CLANG_ENABLE_MODULES = YES;
				CLANG_ENABLE_OBJC_ARC = YES;
				CLANG_WARN_BOOL_CONVERSION = YES;
				CLANG_WARN_CONSTANT_CONVERSION = YES;
				CLANG_WARN_DIRECT_OBJC_ISA_USAGE = YES_ERROR;
				CLANG_WARN_EMPTY_BODY = YES;
				CLANG_WARN_ENUM_CONVERSION = YES;
				CLANG_WARN_INT_CONVERSION = YES;
				CLANG_WARN_OBJC_ROOT_CLASS = YES_ERROR;
				CLANG_WARN_UNREACHABLE_CODE = YES;
				CLANG_WARN__DUPLICATE_METHOD_MATCH = YES;
				"CODE_SIGN_IDENTITY[sdk=iphoneos*]" = "iPhone Developer";
				COPY_PHASE_STRIP = NO;
				DEBUG_INFORMATION_FORMAT = "dwarf-with-dsym";
				ENABLE_NS_ASSERTIONS = NO;
				ENABLE_STRICT_OBJC_MSGSEND = YES;
				GCC_C_LANGUAGE_STANDARD = gnu99;
				GCC_NO_COMMON_BLOCKS = YES;
				GCC_WARN_64_TO_32_BIT_CONVERSION = YES;
				GCC_WARN_ABOUT_RETURN_TYPE = YES_ERROR;
				GCC_WARN_UNDECLARED_SELECTOR = YES;
				GCC_WARN_UNINITIALIZED_AUTOS = YES_AGGRESSIVE;
				GCC_WARN_UNUSED_FUNCTION = YES;
				GCC_WARN_UNUSED_VARIABLE = YES;
				IPHONEOS_DEPLOYMENT_TARGET = 9.3;
				MTL_ENABLE_DEBUG_INFO = NO;
				SDKROOT = iphoneos;
				VALIDATE_PRODUCT = YES;
			};
			name = Release;
		};
		2D709DFE1CAE7DF000C47E9B /* Debug */ = {
			isa = XCBuildConfiguration;
			buildSettings = {
				ASSETCATALOG_COMPILER_APPICON_NAME = AppIcon;
				INFOPLIST_FILE = SBTimeOut/Info.plist;
				IPHONEOS_DEPLOYMENT_TARGET = 8.0;
				LD_RUNPATH_SEARCH_PATHS = "$(inherited) @executable_path/Frameworks";
				PRODUCT_BUNDLE_IDENTIFIER = com.prodapt.SBTimeOut;
				PRODUCT_NAME = "$(TARGET_NAME)";
			};
			name = Debug;
		};
		2D709DFF1CAE7DF000C47E9B /* Release */ = {
			isa = XCBuildConfiguration;
			buildSettings = {
				ASSETCATALOG_COMPILER_APPICON_NAME = AppIcon;
				INFOPLIST_FILE = SBTimeOut/Info.plist;
				IPHONEOS_DEPLOYMENT_TARGET = 8.0;
				LD_RUNPATH_SEARCH_PATHS = "$(inherited) @executable_path/Frameworks";
				PRODUCT_BUNDLE_IDENTIFIER = com.prodapt.SBTimeOut;
				PRODUCT_NAME = "$(TARGET_NAME)";
			};
			name = Release;
		};
/* End XCBuildConfiguration section */

/* Begin XCConfigurationList section */
		2D709DE11CAE7DF000C47E9B /* Build configuration list for PBXProject "SBTimeOut" */ = {
			isa = XCConfigurationList;
			buildConfigurations = (
				2D709DFB1CAE7DF000C47E9B /* Debug */,
				2D709DFC1CAE7DF000C47E9B /* Release */,
			);
			defaultConfigurationIsVisible = 0;
			defaultConfigurationName = Release;
		};
		2D709DFD1CAE7DF000C47E9B /* Build configuration list for PBXNativeTarget "SBTimeOut" */ = {
			isa = XCConfigurationList;
			buildConfigurations = (
				2D709DFE1CAE7DF000C47E9B /* Debug */,
				2D709DFF1CAE7DF000C47E9B /* Release */,
			);
			defaultConfigurationIsVisible = 0;
			defaultConfigurationName = Release;
		};
/* End XCConfigurationList section */
	};
	rootObject = 2D709DDE1CAE7DF000C47E9B /* Project object */;
}
